
Microsoft Visual Studio Solution File, Format Version 12.00
# Visual Studio 2013
VisualStudioVersion = 12.0.31101.0
MinimumVisualStudioVersion = 10.0.40219.1
Project("{FAE04EC0-301F-11D3-BF4B-00C04F79EFBC}") = "EntityFramework.DatabaseMigrator", "EntityFramework.DatabaseMigrator\EntityFramework.DatabaseMigrator.csproj", "{3D9D955E-80B3-4A1E-B83A-FF176809CDEB}"
EndProject
Project("{FAE04EC0-301F-11D3-BF4B-00C04F79EFBC}") = "EntityFramework.DatabaseMigrator.Example", "EntityFramework.DatabaseMigrator.Example\EntityFramework.DatabaseMigrator.Example.csproj", "{9112E2B8-B4BD-449C-A6D8-E289109BA70A}"
EndProject
Project("{2150E333-8FDC-42A3-9474-1A3956D46DE8}") = ".nuget", ".nuget", "{39135FF0-A37E-4E0D-978C-3FA6DE233451}"
	ProjectSection(SolutionItems) = preProject
		.nuget\packages.config = .nuget\packages.config
	EndProjectSection
EndProject
Global
	GlobalSection(SolutionConfigurationPlatforms) = preSolution
		Debug|Any CPU = Debug|Any CPU
		Release|Any CPU = Release|Any CPU
	EndGlobalSection
	GlobalSection(ProjectConfigurationPlatforms) = postSolution
		{3D9D955E-80B3-4A1E-B83A-FF176809CDEB}.Debug|Any CPU.ActiveCfg = Debug|Any CPU
		{3D9D955E-80B3-4A1E-B83A-FF176809CDEB}.Debug|Any CPU.Build.0 = Debug|Any CPU
		{3D9D955E-80B3-4A1E-B83A-FF176809CDEB}.Release|Any CPU.ActiveCfg = Release|Any CPU
		{3D9D955E-80B3-4A1E-B83A-FF176809CDEB}.Release|Any CPU.Build.0 = Release|Any CPU
		{9112E2B8-B4BD-449C-A6D8-E289109BA70A}.Debug|Any CPU.ActiveCfg = Debug|Any CPU
		{9112E2B8-B4BD-449C-A6D8-E289109BA70A}.Debug|Any CPU.Build.0 = Debug|Any CPU
		{9112E2B8-B4BD-449C-A6D8-E289109BA70A}.Release|Any CPU.ActiveCfg = Release|Any CPU
		{9112E2B8-B4BD-449C-A6D8-E289109BA70A}.Release|Any CPU.Build.0 = Release|Any CPU
	EndGlobalSection
	GlobalSection(SolutionProperties) = preSolution
		HideSolutionNode = FALSE
	EndGlobalSection
EndGlobal
